
Microsoft Visual Studio Solution File, Format Version 12.00
# Visual Studio Version 17
VisualStudioVersion = 17.8.34316.72
MinimumVisualStudioVersion = 10.0.40219.1
Project("{FAE04EC0-301F-11D3-BF4B-00C04F79EFBC}") = "zadanie22", "zadanie22\zadanie22.csproj", "{AD5279B2-3D74-4AC0-B27F-30D2E283084E}"
EndProject
Global
	GlobalSection(SolutionConfigurationPlatforms) = preSolution
		Debug|Any CPU = Debug|Any CPU
		Release|Any CPU = Release|Any CPU
	EndGlobalSection
	GlobalSection(ProjectConfigurationPlatforms) = postSolution
		{AD5279B2-3D74-4AC0-B27F-30D2E283084E}.Debug|Any CPU.ActiveCfg = Debug|Any CPU
		{AD5279B2-3D74-4AC0-B27F-30D2E283084E}.Debug|Any CPU.Build.0 = Debug|Any CPU
		{AD5279B2-3D74-4AC0-B27F-30D2E283084E}.Release|Any CPU.ActiveCfg = Release|Any CPU
		{AD5279B2-3D74-4AC0-B27F-30D2E283084E}.Release|Any CPU.Build.0 = Release|Any CPU
	EndGlobalSection
	GlobalSection(SolutionProperties) = preSolution
		HideSolutionNode = FALSE
	EndGlobalSection
	GlobalSection(ExtensibilityGlobals) = postSolution
		SolutionGuid = {99B2A480-393A-4794-9B53-D51F8B93190D}
	EndGlobalSection
EndGlobal
